
Microsoft Visual Studio Solution File, Format Version 12.00
# Visual Studio Version 17
VisualStudioVersion = 17.11.35219.272
MinimumVisualStudioVersion = 10.0.40219.1
Project("{FAE04EC0-301F-11D3-BF4B-00C04F79EFBC}") = "DatabaseStorage", "DatabaseStorage\DatabaseStorage.csproj", "{0A450263-367C-44F5-8426-0BE9473BFFD7}"
EndProject
Global
	GlobalSection(SolutionConfigurationPlatforms) = preSolution
		Debug|Any CPU = Debug|Any CPU
		Release|Any CPU = Release|Any CPU
	EndGlobalSection
	GlobalSection(ProjectConfigurationPlatforms) = postSolution
		{0A450263-367C-44F5-8426-0BE9473BFFD7}.Debug|Any CPU.ActiveCfg = Debug|Any CPU
		{0A450263-367C-44F5-8426-0BE9473BFFD7}.Debug|Any CPU.Build.0 = Debug|Any CPU
		{0A450263-367C-44F5-8426-0BE9473BFFD7}.Release|Any CPU.ActiveCfg = Release|Any CPU
		{0A450263-367C-44F5-8426-0BE9473BFFD7}.Release|Any CPU.Build.0 = Release|Any CPU
	EndGlobalSection
	GlobalSection(SolutionProperties) = preSolution
		HideSolutionNode = FALSE
	EndGlobalSection
	GlobalSection(ExtensibilityGlobals) = postSolution
		SolutionGuid = {5BC40EE4-FD79-484E-A2EF-3E27065E98EC}
	EndGlobalSection
EndGlobal
